// !$*UTF8*$!
{
	archiveVersion = 1;
	classes = {
	};
	objectVersion = 46;
	objects = {

/* Begin PBXBuildFile section */
		00840FDA532B3652D7B7036A /* Pods_React.framework in Frameworks */ = {isa = PBXBuildFile; fileRef = E81EA0FB67166F4A68F28214 /* Pods_React.framework */; };
		F73252661D1357D700887DB2 /* AppDelegate.swift in Sources */ = {isa = PBXBuildFile; fileRef = F73252651D1357D700887DB2 /* AppDelegate.swift */; };
		F73252681D1357D700887DB2 /* ViewController.swift in Sources */ = {isa = PBXBuildFile; fileRef = F73252671D1357D700887DB2 /* ViewController.swift */; };
		F732526B1D1357D700887DB2 /* Main.storyboard in Resources */ = {isa = PBXBuildFile; fileRef = F73252691D1357D700887DB2 /* Main.storyboard */; };
		F732526D1D1357D700887DB2 /* Assets.xcassets in Resources */ = {isa = PBXBuildFile; fileRef = F732526C1D1357D700887DB2 /* Assets.xcassets */; };
		F73252701D1357D700887DB2 /* LaunchScreen.storyboard in Resources */ = {isa = PBXBuildFile; fileRef = F732526E1D1357D700887DB2 /* LaunchScreen.storyboard */; };
/* End PBXBuildFile section */

/* Begin PBXFileReference section */
		1A89A30162CBB7E508F735A7 /* Pods-React.debug.xcconfig */ = {isa = PBXFileReference; includeInIndex = 1; lastKnownFileType = text.xcconfig; name = "Pods-React.debug.xcconfig"; path = "Pods/Target Support Files/Pods-React/Pods-React.debug.xcconfig"; sourceTree = "<group>"; };
		585B71FD3E0617938D6B4BC8 /* Pods-React.release.xcconfig */ = {isa = PBXFileReference; includeInIndex = 1; lastKnownFileType = text.xcconfig; name = "Pods-React.release.xcconfig"; path = "Pods/Target Support Files/Pods-React/Pods-React.release.xcconfig"; sourceTree = "<group>"; };
		E81EA0FB67166F4A68F28214 /* Pods_React.framework */ = {isa = PBXFileReference; explicitFileType = wrapper.framework; includeInIndex = 0; path = Pods_React.framework; sourceTree = BUILT_PRODUCTS_DIR; };
		F73252621D1357D700887DB2 /* React.app */ = {isa = PBXFileReference; explicitFileType = wrapper.application; includeInIndex = 0; path = React.app; sourceTree = BUILT_PRODUCTS_DIR; };
		F73252651D1357D700887DB2 /* AppDelegate.swift */ = {isa = PBXFileReference; lastKnownFileType = sourcecode.swift; path = AppDelegate.swift; sourceTree = "<group>"; };
		F73252671D1357D700887DB2 /* ViewController.swift */ = {isa = PBXFileReference; lastKnownFileType = sourcecode.swift; path = ViewController.swift; sourceTree = "<group>"; };
		F732526A1D1357D700887DB2 /* Base */ = {isa = PBXFileReference; lastKnownFileType = file.storyboard; name = Base; path = Base.lproj/Main.storyboard; sourceTree = "<group>"; };
		F732526C1D1357D700887DB2 /* Assets.xcassets */ = {isa = PBXFileReference; lastKnownFileType = folder.assetcatalog; path = Assets.xcassets; sourceTree = "<group>"; };
		F732526F1D1357D700887DB2 /* Base */ = {isa = PBXFileReference; lastKnownFileType = file.storyboard; name = Base; path = Base.lproj/LaunchScreen.storyboard; sourceTree = "<group>"; };
		F73252711D1357D700887DB2 /* Info.plist */ = {isa = PBXFileReference; lastKnownFileType = text.plist.xml; path = Info.plist; sourceTree = "<group>"; };
/* End PBXFileReference section */

/* Begin PBXFrameworksBuildPhase section */
		F732525F1D1357D700887DB2 /* Frameworks */ = {
			isa = PBXFrameworksBuildPhase;
			buildActionMask = 2147483647;
			files = (
				00840FDA532B3652D7B7036A /* Pods_React.framework in Frameworks */,
			);
			runOnlyForDeploymentPostprocessing = 0;
		};
/* End PBXFrameworksBuildPhase section */

/* Begin PBXGroup section */
		54BDEFA0A80FB01426CDA550 /* Frameworks */ = {
			isa = PBXGroup;
			children = (
				E81EA0FB67166F4A68F28214 /* Pods_React.framework */,
			);
			name = Frameworks;
			sourceTree = "<group>";
		};
		6CC3E891D2F5BCA84FE4B237 /* Pods */ = {
			isa = PBXGroup;
			children = (
				1A89A30162CBB7E508F735A7 /* Pods-React.debug.xcconfig */,
				585B71FD3E0617938D6B4BC8 /* Pods-React.release.xcconfig */,
			);
			name = Pods;
			sourceTree = "<group>";
		};
		F73252591D1357D700887DB2 = {
			isa = PBXGroup;
			children = (
				F73252641D1357D700887DB2 /* React */,
				F73252631D1357D700887DB2 /* Products */,
				6CC3E891D2F5BCA84FE4B237 /* Pods */,
				54BDEFA0A80FB01426CDA550 /* Frameworks */,
			);
			sourceTree = "<group>";
		};
		F73252631D1357D700887DB2 /* Products */ = {
			isa = PBXGroup;
			children = (
				F73252621D1357D700887DB2 /* React.app */,
			);
			name = Products;
			sourceTree = "<group>";
		};
		F73252641D1357D700887DB2 /* React */ = {
			isa = PBXGroup;
			children = (
				F73252651D1357D700887DB2 /* AppDelegate.swift */,
				F73252671D1357D700887DB2 /* ViewController.swift */,
				F73252691D1357D700887DB2 /* Main.storyboard */,
				F732526C1D1357D700887DB2 /* Assets.xcassets */,
				F732526E1D1357D700887DB2 /* LaunchScreen.storyboard */,
				F73252711D1357D700887DB2 /* Info.plist */,
			);
			path = React;
			sourceTree = "<group>";
		};
/* End PBXGroup section */

/* Begin PBXNativeTarget section */
		F73252611D1357D700887DB2 /* React */ = {
			isa = PBXNativeTarget;
			buildConfigurationList = F73252741D1357D700887DB2 /* Build configuration list for PBXNativeTarget "React" */;
			buildPhases = (
				EBF7C7D8E425B80097AA8BF7 /* [CP] Check Pods Manifest.lock */,
				F732525E1D1357D700887DB2 /* Sources */,
				F732525F1D1357D700887DB2 /* Frameworks */,
				F73252601D1357D700887DB2 /* Resources */,
				B024EA5F8BFD60C69A7AF73F /* [CP] Embed Pods Frameworks */,
				B35347B396C811BF8C89C019 /* [CP] Copy Pods Resources */,
			);
			buildRules = (
			);
			dependencies = (
			);
			name = React;
			productName = React;
			productReference = F73252621D1357D700887DB2 /* React.app */;
			productType = "com.apple.product-type.application";
		};
/* End PBXNativeTarget section */

/* Begin PBXProject section */
		F732525A1D1357D700887DB2 /* Project object */ = {
			isa = PBXProject;
			attributes = {
				LastSwiftUpdateCheck = 0730;
				LastUpgradeCheck = 0730;
				ORGANIZATIONNAME = "Moeed Mohammad";
				TargetAttributes = {
					F73252611D1357D700887DB2 = {
						CreatedOnToolsVersion = 7.3.1;
						DevelopmentTeam = 3CKXCTE6SH;
					};
				};
			};
			buildConfigurationList = F732525D1D1357D700887DB2 /* Build configuration list for PBXProject "React" */;
			compatibilityVersion = "Xcode 3.2";
			developmentRegion = English;
			hasScannedForEncodings = 0;
			knownRegions = (
				en,
				Base,
			);
			mainGroup = F73252591D1357D700887DB2;
			productRefGroup = F73252631D1357D700887DB2 /* Products */;
			projectDirPath = "";
			projectRoot = "";
			targets = (
				F73252611D1357D700887DB2 /* React */,
			);
		};
/* End PBXProject section */

/* Begin PBXResourcesBuildPhase section */
		F73252601D1357D700887DB2 /* Resources */ = {
			isa = PBXResourcesBuildPhase;
			buildActionMask = 2147483647;
			files = (
				F73252701D1357D700887DB2 /* LaunchScreen.storyboard in Resources */,
				F732526D1D1357D700887DB2 /* Assets.xcassets in Resources */,
				F732526B1D1357D700887DB2 /* Main.storyboard in Resources */,
			);
			runOnlyForDeploymentPostprocessing = 0;
		};
/* End PBXResourcesBuildPhase section */

/* Begin PBXShellScriptBuildPhase section */
		B024EA5F8BFD60C69A7AF73F /* [CP] Embed Pods Frameworks */ = {
			isa = PBXShellScriptBuildPhase;
			buildActionMask = 2147483647;
			files = (
			);
			inputPaths = (
			);
			name = "[CP] Embed Pods Frameworks";
			outputPaths = (
			);
			runOnlyForDeploymentPostprocessing = 0;
			shellPath = /bin/sh;
			shellScript = "\"${SRCROOT}/Pods/Target Support Files/Pods-React/Pods-React-frameworks.sh\"\n";
			showEnvVarsInLog = 0;
		};
		B35347B396C811BF8C89C019 /* [CP] Copy Pods Resources */ = {
			isa = PBXShellScriptBuildPhase;
			buildActionMask = 2147483647;
			files = (
			);
			inputPaths = (
			);
			name = "[CP] Copy Pods Resources";
			outputPaths = (
			);
			runOnlyForDeploymentPostprocessing = 0;
			shellPath = /bin/sh;
			shellScript = "\"${SRCROOT}/Pods/Target Support Files/Pods-React/Pods-React-resources.sh\"\n";
			showEnvVarsInLog = 0;
		};
		EBF7C7D8E425B80097AA8BF7 /* [CP] Check Pods Manifest.lock */ = {
			isa = PBXShellScriptBuildPhase;
			buildActionMask = 2147483647;
			files = (
			);
			inputPaths = (
			);
			name = "[CP] Check Pods Manifest.lock";
			outputPaths = (
			);
			runOnlyForDeploymentPostprocessing = 0;
			shellPath = /bin/sh;
			shellScript = "diff \"${PODS_ROOT}/../Podfile.lock\" \"${PODS_ROOT}/Manifest.lock\" > /dev/null\nif [[ $? != 0 ]] ; then\n    cat << EOM\nerror: The sandbox is not in sync with the Podfile.lock. Run 'pod install' or update your CocoaPods installation.\nEOM\n    exit 1\nfi\n";
			showEnvVarsInLog = 0;
		};
/* End PBXShellScriptBuildPhase section */

/* Begin PBXSourcesBuildPhase section */
		F732525E1D1357D700887DB2 /* Sources */ = {
			isa = PBXSourcesBuildPhase;
			buildActionMask = 2147483647;
			files = (
				F73252681D1357D700887DB2 /* ViewController.swift in Sources */,
				F73252661D1357D700887DB2 /* AppDelegate.swift in Sources */,
			);
			runOnlyForDeploymentPostprocessing = 0;
		};
/* End PBXSourcesBuildPhase section */

/* Begin PBXVariantGroup section */
		F73252691D1357D700887DB2 /* Main.storyboard */ = {
			isa = PBXVariantGroup;
			children = (
				F732526A1D1357D700887DB2 /* Base */,
			);
			name = Main.storyboard;
			sourceTree = "<group>";
		};
		F732526E1D1357D700887DB2 /* LaunchScreen.storyboard */ = {
			isa = PBXVariantGroup;
			children = (
				F732526F1D1357D700887DB2 /* Base */,
			);
			name = LaunchScreen.storyboard;
			sourceTree = "<group>";
		};
/* End PBXVariantGroup section */

/* Begin XCBuildConfiguration section */
		F73252721D1357D700887DB2 /* Debug */ = {
			isa = XCBuildConfiguration;
			buildSettings = {
				ALWAYS_SEARCH_USER_PATHS = NO;
				CLANG_ANALYZER_NONNULL = YES;
				CLANG_CXX_LANGUAGE_STANDARD = "gnu++0x";
				CLANG_CXX_LIBRARY = "libc++";
				CLANG_ENABLE_MODULES = YES;
				CLANG_ENABLE_OBJC_ARC = YES;
				CLANG_WARN_BOOL_CONVERSION = YES;
				CLANG_WARN_CONSTANT_CONVERSION = YES;
				CLANG_WARN_DIRECT_OBJC_ISA_USAGE = YES_ERROR;
				CLANG_WARN_EMPTY_BODY = YES;
				CLANG_WARN_ENUM_CONVERSION = YES;
				CLANG_WARN_INT_CONVERSION = YES;
				CLANG_WARN_OBJC_ROOT_CLASS = YES_ERROR;
				CLANG_WARN_UNREACHABLE_CODE = YES;
				CLANG_WARN__DUPLICATE_METHOD_MATCH = YES;
				"CODE_SIGN_IDENTITY[sdk=iphoneos*]" = "iPhone Developer";
				COPY_PHASE_STRIP = NO;
				DEBUG_INFORMATION_FORMAT = dwarf;
				ENABLE_STRICT_OBJC_MSGSEND = YES;
				ENABLE_TESTABILITY = YES;
				GCC_C_LANGUAGE_STANDARD = gnu99;
				GCC_DYNAMIC_NO_PIC = NO;
				GCC_NO_COMMON_BLOCKS = YES;
				GCC_OPTIMIZATION_LEVEL = 0;
				GCC_PREPROCESSOR_DEFINITIONS = (
					"DEBUG=1",
					"$(inherited)",
				);
				GCC_WARN_64_TO_32_BIT_CONVERSION = YES;
				GCC_WARN_ABOUT_RETURN_TYPE = YES_ERROR;
				GCC_WARN_UNDECLARED_SELECTOR = YES;
				GCC_WARN_UNINITIALIZED_AUTOS = YES_AGGRESSIVE;
				GCC_WARN_UNUSED_FUNCTION = YES;
				GCC_WARN_UNUSED_VARIABLE = YES;
				IPHONEOS_DEPLOYMENT_TARGET = 9.3;
				MTL_ENABLE_DEBUG_INFO = YES;
				ONLY_ACTIVE_ARCH = YES;
				SDKROOT = iphoneos;
				SWIFT_OPTIMIZATION_LEVEL = "-Onone";
			};
			name = Debug;
		};
		F73252731D1357D700887DB2 /* Release */ = {
			isa = XCBuildConfiguration;
			buildSettings = {
				ALWAYS_SEARCH_USER_PATHS = NO;
				CLANG_ANALYZER_NONNULL = YES;
				CLANG_CXX_LANGUAGE_STANDARD = "gnu++0x";
				CLANG_CXX_LIBRARY = "libc++";
				CLANG_ENABLE_MODULES = YES;
				CLANG_ENABLE_OBJC_ARC = YES;
				CLANG_WARN_BOOL_CONVERSION = YES;
				CLANG_WARN_CONSTANT_CONVERSION = YES;
				CLANG_WARN_DIRECT_OBJC_ISA_USAGE = YES_ERROR;
				CLANG_WARN_EMPTY_BODY = YES;
				CLANG_WARN_ENUM_CONVERSION = YES;
				CLANG_WARN_INT_CONVERSION = YES;
				CLANG_WARN_OBJC_ROOT_CLASS = YES_ERROR;
				CLANG_WARN_UNREACHABLE_CODE = YES;
				CLANG_WARN__DUPLICATE_METHOD_MATCH = YES;
				"CODE_SIGN_IDENTITY[sdk=iphoneos*]" = "iPhone Developer";
				COPY_PHASE_STRIP = NO;
				DEBUG_INFORMATION_FORMAT = "dwarf-with-dsym";
				ENABLE_NS_ASSERTIONS = NO;
				ENABLE_STRICT_OBJC_MSGSEND = YES;
				GCC_C_LANGUAGE_STANDARD = gnu99;
				GCC_NO_COMMON_BLOCKS = YES;
				GCC_WARN_64_TO_32_BIT_CONVERSION = YES;
				GCC_WARN_ABOUT_RETURN_TYPE = YES_ERROR;
				GCC_WARN_UNDECLARED_SELECTOR = YES;
				GCC_WARN_UNINITIALIZED_AUTOS = YES_AGGRESSIVE;
				GCC_WARN_UNUSED_FUNCTION = YES;
				GCC_WARN_UNUSED_VARIABLE = YES;
				IPHONEOS_DEPLOYMENT_TARGET = 9.3;
				MTL_ENABLE_DEBUG_INFO = NO;
				SDKROOT = iphoneos;
				VALIDATE_PRODUCT = YES;
			};
			name = Release;
		};
		F73252751D1357D700887DB2 /* Debug */ = {
			isa = XCBuildConfiguration;
			baseConfigurationReference = 1A89A30162CBB7E508F735A7 /* Pods-React.debug.xcconfig */;
			buildSettings = {
				ASSETCATALOG_COMPILER_APPICON_NAME = AppIcon;
				CODE_SIGN_IDENTITY = "iPhone Developer";
				"CODE_SIGN_IDENTITY[sdk=iphoneos*]" = "iPhone Developer";
				INFOPLIST_FILE = React/Info.plist;
				LD_RUNPATH_SEARCH_PATHS = "$(inherited) @executable_path/Frameworks";
				PRODUCT_BUNDLE_IDENTIFIER = come.moeedm.React;
				PRODUCT_NAME = "$(TARGET_NAME)";
				PROVISIONING_PROFILE = "";
			};
			name = Debug;
		};
		F73252761D1357D700887DB2 /* Release */ = {
			isa = XCBuildConfiguration;
			baseConfigurationReference = 585B71FD3E0617938D6B4BC8 /* Pods-React.release.xcconfig */;
			buildSettings = {
				ASSETCATALOG_COMPILER_APPICON_NAME = AppIcon;
				CODE_SIGN_IDENTITY = "iPhone Developer";
				"CODE_SIGN_IDENTITY[sdk=iphoneos*]" = "iPhone Developer";
				INFOPLIST_FILE = React/Info.plist;
				LD_RUNPATH_SEARCH_PATHS = "$(inherited) @executable_path/Frameworks";
				PRODUCT_BUNDLE_IDENTIFIER = come.moeedm.React;
				PRODUCT_NAME = "$(TARGET_NAME)";
				PROVISIONING_PROFILE = "";
			};
			name = Release;
		};
/* End XCBuildConfiguration section */

/* Begin XCConfigurationList section */
		F732525D1D1357D700887DB2 /* Build configuration list for PBXProject "React" */ = {
			isa = XCConfigurationList;
			buildConfigurations = (
				F73252721D1357D700887DB2 /* Debug */,
				F73252731D1357D700887DB2 /* Release */,
			);
			defaultConfigurationIsVisible = 0;
			defaultConfigurationName = Release;
		};
		F73252741D1357D700887DB2 /* Build configuration list for PBXNativeTarget "React" */ = {
			isa = XCConfigurationList;
			buildConfigurations = (
				F73252751D1357D700887DB2 /* Debug */,
				F73252761D1357D700887DB2 /* Release */,
			);
			defaultConfigurationIsVisible = 0;
			defaultConfigurationName = Release;
		};
/* End XCConfigurationList section */
	};
	rootObject = F732525A1D1357D700887DB2 /* Project object */;
}
